<?xml version="1.0" encoding="utf-8"?>
<Project ToolsVersion="4.0" xmlns="http://schemas.microsoft.com/developer/msbuild/2003">
  <ItemGroup>
    <Filter Include="Content">
      <UniqueIdentifier>{5e9d9e03-98ee-4f42-9b72-18ad7b49079a}</UniqueIdentifier>
    </Filter>
    <Filter Include="Content\Models">
      <UniqueIdentifier>{7f191b4d-1d81-498b-b3fc-01f8aedab336}</UniqueIdentifier>
    </Filter>
    <Filter Include="Content\Textures">
      <UniqueIdentifier>{c9bf3dbe-c940-4a96-86e2-da9acbfced0e}</UniqueIdentifier>
    </Filter>
    <Filter Include="Content\Shaders">
      <UniqueIdentifier>{bbf24e6a-fa5b-4181-8a13-17ca0858e960}</UniqueIdentifier>
    </Filter>
    <Filter Include="Materials">
      <UniqueIdentifier>{590817ae-f358-4ef8-b364-7ce4ee79fddc}</UniqueIdentifier>
    </Filter>
  </ItemGroup>
  <ItemGroup>
    <ClCompile Include="Program.cpp" />
    <ClCompile Include="RenderingGame.cpp" />
    <ClCompile Include="DiffuseLightingDemo.cpp" />
    <ClCompile Include="DiffuseLightingMaterial.cpp">
      <Filter>Materials</Filter>
    </ClCompile>
    <ClCompile Include="ColorFilteringDemo.cpp" />
  </ItemGroup>
  <ItemGroup>
    <ClInclude Include="RenderingGame.h" />
    <ClInclude Include="DiffuseLightingDemo.h" />
    <ClInclude Include="DiffuseLightingMaterial.h">
      <Filter>Materials</Filter>
    </ClInclude>
    <ClInclude Include="ColorFilteringDemo.h" />
  </ItemGroup>
  <ItemGroup>
    <None Include="Content\Models\Sphere.obj.bin">
      <Filter>Content\Models</Filter>
    </None>
    <None Include="Content\Models\DirectionalLightProxy.obj.bin">
      <Filter>Content\Models</Filter>
    </None>
    <None Include="packages.config" />
  </ItemGroup>
  <ItemGroup>
    <Image Include="Content\Textures\EarthComposite.dds">
      <Filter>Content\Textures</Filter>
    </Image>
    <Image Include="Content\Textures\Maskonaive2_1024.dds">
      <Filter>Content\Textures</Filter>
    </Image>
  </ItemGroup>
  <ItemGroup>
    <FxCompile Include="Content\Shaders\DiffuseLightingDemoPS.hlsl">
      <Filter>Content\Shaders</Filter>
    </FxCompile>
    <FxCompile Include="Content\Shaders\DiffuseLightingDemoVS.hlsl">
      <Filter>Content\Shaders</Filter>
    </FxCompile>
    <FxCompile Include="Content\Shaders\GrayScaleColorFilterPS.hlsl">
      <Filter>Content\Shaders</Filter>
    </FxCompile>
    <FxCompile Include="Content\Shaders\InverseColorFilterPS.hlsl">
      <Filter>Content\Shaders</Filter>
    </FxCompile>
    <FxCompile Include="Content\Shaders\SepiaColorFilterPS.hlsl">
      <Filter>Content\Shaders</Filter>
    </FxCompile>
    <FxCompile Include="Content\Shaders\GenericColorFilterPS.hlsl">
      <Filter>Content\Shaders</Filter>
    </FxCompile>
  </ItemGroup>
</Project>